
Microsoft Visual Studio Solution File, Format Version 12.00
# Visual Studio Version 16
VisualStudioVersion = 16.6.30114.105
MinimumVisualStudioVersion = 10.0.40219.1
Project("{2150E333-8FDC-42A3-9474-1A3956D46DE8}") = "API", "API", "{6715B702-D3BD-4786-BD5D-F8693C65CDEB}"
EndProject
Project("{2150E333-8FDC-42A3-9474-1A3956D46DE8}") = "WEBAPI", "WEBAPI", "{AA784CDF-1196-4C8A-9C0D-395CA2533CA2}"
EndProject
Project("{2150E333-8FDC-42A3-9474-1A3956D46DE8}") = "AuthAPI", "AuthAPI", "{93FAF98D-B836-440F-87AD-0CEE94D25A52}"
EndProject
Project("{2150E333-8FDC-42A3-9474-1A3956D46DE8}") = "Shared", "Shared", "{F9C9BD4D-9019-4984-AC3E-C94DBC7C8F06}"
EndProject
Project("{2150E333-8FDC-42A3-9474-1A3956D46DE8}") = "Layers", "Layers", "{1AC5C500-EB96-42C9-BB46-D432E7001DA1}"
EndProject
Project("{2150E333-8FDC-42A3-9474-1A3956D46DE8}") = "DTO", "DTO", "{9DB72513-3B9A-4AF3-AEE7-43496FB38EA1}"
EndProject
Project("{2150E333-8FDC-42A3-9474-1A3956D46DE8}") = "Clients", "Clients", "{793DC6EC-8B7F-4982-BB41-8A07B4E9C117}"
EndProject
Project("{2150E333-8FDC-42A3-9474-1A3956D46DE8}") = "Shared", "Shared", "{162B89B1-2BAC-478B-A5FE-6747DC70582E}"
EndProject
Project("{2150E333-8FDC-42A3-9474-1A3956D46DE8}") = "CoreLib", "CoreLib", "{9D9425AC-DD1B-4561-9987-BD596A3A41FB}"
EndProject
Project("{9A19103F-16F7-4668-BE54-9A1E7A4F7556}") = "GeneralStockMarket.DTO", "DTO\GeneralStockMarket.DTO\GeneralStockMarket.DTO.csproj", "{48983684-E227-41CF-AF49-8C3F8BC2F5C5}"
EndProject
Project("{9A19103F-16F7-4668-BE54-9A1E7A4F7556}") = "GeneralStockMarket.CoreLib", "CoreLib\GeneralStockMarket.CoreLib\GeneralStockMarket.CoreLib.csproj", "{841FB09C-A4FD-4D71-8BA1-2075EC88EEA9}"
EndProject
Project("{9A19103F-16F7-4668-BE54-9A1E7A4F7556}") = "GeneralStockMarket.BlazorServerAppClient", "Clients\GeneralStockMarket.BlazorServerAppClient\GeneralStockMarket.BlazorServerAppClient.csproj", "{17981218-DAAB-4A68-803F-28D9DFED41ED}"
EndProject
Project("{9A19103F-16F7-4668-BE54-9A1E7A4F7556}") = "GeneralStockMarket.ClientShared", "Clients\Shared\GeneralStockMarket.ClientShared\GeneralStockMarket.ClientShared.csproj", "{F5DFA210-7607-43E8-B4CB-4F9C2D980E16}"
EndProject
Project("{9A19103F-16F7-4668-BE54-9A1E7A4F7556}") = "GeneralStockMarket.WebAPI", "API\WEBAPI\GeneralStockMarket.WebAPI\GeneralStockMarket.WebAPI.csproj", "{005F4312-0A74-4E6A-BA3C-C00EAE8EE7D0}"
EndProject
Project("{9A19103F-16F7-4668-BE54-9A1E7A4F7556}") = "GeneralStockMarket.Entities", "API\WEBAPI\Layers\GeneralStockMarket.Entities\GeneralStockMarket.Entities.csproj", "{A7EA7685-321E-4038-9FE7-CF930E7156FD}"
EndProject
Project("{9A19103F-16F7-4668-BE54-9A1E7A4F7556}") = "GeneralStockMarket.Core", "API\WEBAPI\Layers\GeneralStockMarket.Core\GeneralStockMarket.Core.csproj", "{8126EC39-A3F1-459D-9573-91968FE010A1}"
EndProject
Project("{9A19103F-16F7-4668-BE54-9A1E7A4F7556}") = "GeneralStockMarket.Dal", "API\WEBAPI\Layers\GeneralStockMarket.Dal\GeneralStockMarket.Dal.csproj", "{6DDD171C-B78F-4858-8821-14F220DC9641}"
EndProject
Project("{9A19103F-16F7-4668-BE54-9A1E7A4F7556}") = "GeneralStockMarket.Bll", "API\WEBAPI\Layers\GeneralStockMarket.Bll\GeneralStockMarket.Bll.csproj", "{A294E76A-D9ED-4A7A-957A-D887C85511A3}"
EndProject
Project("{9A19103F-16F7-4668-BE54-9A1E7A4F7556}") = "GeneralStockMarket.ApiShared", "API\Shared\GeneralStockMarket.ApiShared\GeneralStockMarket.ApiShared.csproj", "{D06D0433-8FCA-4949-9A95-E0388F8BB0F1}"
EndProject
Project("{9A19103F-16F7-4668-BE54-9A1E7A4F7556}") = "GeneralStockMarket.AuthAPI", "API\AuthAPI\GeneralStockMarket.AuthAPI\GeneralStockMarket.AuthAPI.csproj", "{9EE293F3-2E42-4F96-849C-0732446ED483}"
EndProject
Project("{2150E333-8FDC-42A3-9474-1A3956D46DE8}") = "Notes", "Notes", "{5FFA3446-C2B0-4952-A9D3-1D4765777105}"
	ProjectSection(SolutionItems) = preProject
		Ports.txt = Ports.txt
	EndProjectSection
EndProject
Project("{9A19103F-16F7-4668-BE54-9A1E7A4F7556}") = "GeneralStockMarket.DTO.Validation", "DTO\GeneralStockMarket.DTO.Validation\GeneralStockMarket.DTO.Validation.csproj", "{12AE7222-8791-40FB-9437-5E95D23EDDC3}"
EndProject
Global
	GlobalSection(SolutionConfigurationPlatforms) = preSolution
		Debug|Any CPU = Debug|Any CPU
		Debug|x64 = Debug|x64
		Debug|x86 = Debug|x86
		Release|Any CPU = Release|Any CPU
		Release|x64 = Release|x64
		Release|x86 = Release|x86
	EndGlobalSection
	GlobalSection(ProjectConfigurationPlatforms) = postSolution
		{48983684-E227-41CF-AF49-8C3F8BC2F5C5}.Debug|Any CPU.ActiveCfg = Debug|Any CPU
		{48983684-E227-41CF-AF49-8C3F8BC2F5C5}.Debug|Any CPU.Build.0 = Debug|Any CPU
		{48983684-E227-41CF-AF49-8C3F8BC2F5C5}.Debug|x64.ActiveCfg = Debug|Any CPU
		{48983684-E227-41CF-AF49-8C3F8BC2F5C5}.Debug|x64.Build.0 = Debug|Any CPU
		{48983684-E227-41CF-AF49-8C3F8BC2F5C5}.Debug|x86.ActiveCfg = Debug|Any CPU
		{48983684-E227-41CF-AF49-8C3F8BC2F5C5}.Debug|x86.Build.0 = Debug|Any CPU
		{48983684-E227-41CF-AF49-8C3F8BC2F5C5}.Release|Any CPU.ActiveCfg = Release|Any CPU
		{48983684-E227-41CF-AF49-8C3F8BC2F5C5}.Release|Any CPU.Build.0 = Release|Any CPU
		{48983684-E227-41CF-AF49-8C3F8BC2F5C5}.Release|x64.ActiveCfg = Release|Any CPU
		{48983684-E227-41CF-AF49-8C3F8BC2F5C5}.Release|x64.Build.0 = Release|Any CPU
		{48983684-E227-41CF-AF49-8C3F8BC2F5C5}.Release|x86.ActiveCfg = Release|Any CPU
		{48983684-E227-41CF-AF49-8C3F8BC2F5C5}.Release|x86.Build.0 = Release|Any CPU
		{841FB09C-A4FD-4D71-8BA1-2075EC88EEA9}.Debug|Any CPU.ActiveCfg = Debug|Any CPU
		{841FB09C-A4FD-4D71-8BA1-2075EC88EEA9}.Debug|Any CPU.Build.0 = Debug|Any CPU
		{841FB09C-A4FD-4D71-8BA1-2075EC88EEA9}.Debug|x64.ActiveCfg = Debug|Any CPU
		{841FB09C-A4FD-4D71-8BA1-2075EC88EEA9}.Debug|x64.Build.0 = Debug|Any CPU
		{841FB09C-A4FD-4D71-8BA1-2075EC88EEA9}.Debug|x86.ActiveCfg = Debug|Any CPU
		{841FB09C-A4FD-4D71-8BA1-2075EC88EEA9}.Debug|x86.Build.0 = Debug|Any CPU
		{841FB09C-A4FD-4D71-8BA1-2075EC88EEA9}.Release|Any CPU.ActiveCfg = Release|Any CPU
		{841FB09C-A4FD-4D71-8BA1-2075EC88EEA9}.Release|Any CPU.Build.0 = Release|Any CPU
		{841FB09C-A4FD-4D71-8BA1-2075EC88EEA9}.Release|x64.ActiveCfg = Release|Any CPU
		{841FB09C-A4FD-4D71-8BA1-2075EC88EEA9}.Release|x64.Build.0 = Release|Any CPU
		{841FB09C-A4FD-4D71-8BA1-2075EC88EEA9}.Release|x86.ActiveCfg = Release|Any CPU
		{841FB09C-A4FD-4D71-8BA1-2075EC88EEA9}.Release|x86.Build.0 = Release|Any CPU
		{17981218-DAAB-4A68-803F-28D9DFED41ED}.Debug|Any CPU.ActiveCfg = Debug|Any CPU
		{17981218-DAAB-4A68-803F-28D9DFED41ED}.Debug|Any CPU.Build.0 = Debug|Any CPU
		{17981218-DAAB-4A68-803F-28D9DFED41ED}.Debug|x64.ActiveCfg = Debug|Any CPU
		{17981218-DAAB-4A68-803F-28D9DFED41ED}.Debug|x64.Build.0 = Debug|Any CPU
		{17981218-DAAB-4A68-803F-28D9DFED41ED}.Debug|x86.ActiveCfg = Debug|Any CPU
		{17981218-DAAB-4A68-803F-28D9DFED41ED}.Debug|x86.Build.0 = Debug|Any CPU
		{17981218-DAAB-4A68-803F-28D9DFED41ED}.Release|Any CPU.ActiveCfg = Release|Any CPU
		{17981218-DAAB-4A68-803F-28D9DFED41ED}.Release|Any CPU.Build.0 = Release|Any CPU
		{17981218-DAAB-4A68-803F-28D9DFED41ED}.Release|x64.ActiveCfg = Release|Any CPU
		{17981218-DAAB-4A68-803F-28D9DFED41ED}.Release|x64.Build.0 = Release|Any CPU
		{17981218-DAAB-4A68-803F-28D9DFED41ED}.Release|x86.ActiveCfg = Release|Any CPU
		{17981218-DAAB-4A68-803F-28D9DFED41ED}.Release|x86.Build.0 = Release|Any CPU
		{F5DFA210-7607-43E8-B4CB-4F9C2D980E16}.Debug|Any CPU.ActiveCfg = Debug|Any CPU
		{F5DFA210-7607-43E8-B4CB-4F9C2D980E16}.Debug|Any CPU.Build.0 = Debug|Any CPU
		{F5DFA210-7607-43E8-B4CB-4F9C2D980E16}.Debug|x64.ActiveCfg = Debug|Any CPU
		{F5DFA210-7607-43E8-B4CB-4F9C2D980E16}.Debug|x64.Build.0 = Debug|Any CPU
		{F5DFA210-7607-43E8-B4CB-4F9C2D980E16}.Debug|x86.ActiveCfg = Debug|Any CPU
		{F5DFA210-7607-43E8-B4CB-4F9C2D980E16}.Debug|x86.Build.0 = Debug|Any CPU
		{F5DFA210-7607-43E8-B4CB-4F9C2D980E16}.Release|Any CPU.ActiveCfg = Release|Any CPU
		{F5DFA210-7607-43E8-B4CB-4F9C2D980E16}.Release|Any CPU.Build.0 = Release|Any CPU
		{F5DFA210-7607-43E8-B4CB-4F9C2D980E16}.Release|x64.ActiveCfg = Release|Any CPU
		{F5DFA210-7607-43E8-B4CB-4F9C2D980E16}.Release|x64.Build.0 = Release|Any CPU
		{F5DFA210-7607-43E8-B4CB-4F9C2D980E16}.Release|x86.ActiveCfg = Release|Any CPU
		{F5DFA210-7607-43E8-B4CB-4F9C2D980E16}.Release|x86.Build.0 = Release|Any CPU
		{005F4312-0A74-4E6A-BA3C-C00EAE8EE7D0}.Debug|Any CPU.ActiveCfg = Debug|Any CPU
		{005F4312-0A74-4E6A-BA3C-C00EAE8EE7D0}.Debug|Any CPU.Build.0 = Debug|Any CPU
		{005F4312-0A74-4E6A-BA3C-C00EAE8EE7D0}.Debug|x64.ActiveCfg = Debug|Any CPU
		{005F4312-0A74-4E6A-BA3C-C00EAE8EE7D0}.Debug|x64.Build.0 = Debug|Any CPU
		{005F4312-0A74-4E6A-BA3C-C00EAE8EE7D0}.Debug|x86.ActiveCfg = Debug|Any CPU
		{005F4312-0A74-4E6A-BA3C-C00EAE8EE7D0}.Debug|x86.Build.0 = Debug|Any CPU
		{005F4312-0A74-4E6A-BA3C-C00EAE8EE7D0}.Release|Any CPU.ActiveCfg = Release|Any CPU
		{005F4312-0A74-4E6A-BA3C-C00EAE8EE7D0}.Release|Any CPU.Build.0 = Release|Any CPU
		{005F4312-0A74-4E6A-BA3C-C00EAE8EE7D0}.Release|x64.ActiveCfg = Release|Any CPU
		{005F4312-0A74-4E6A-BA3C-C00EAE8EE7D0}.Release|x64.Build.0 = Release|Any CPU
		{005F4312-0A74-4E6A-BA3C-C00EAE8EE7D0}.Release|x86.ActiveCfg = Release|Any CPU
		{005F4312-0A74-4E6A-BA3C-C00EAE8EE7D0}.Release|x86.Build.0 = Release|Any CPU
		{A7EA7685-321E-4038-9FE7-CF930E7156FD}.Debug|Any CPU.ActiveCfg = Debug|Any CPU
		{A7EA7685-321E-4038-9FE7-CF930E7156FD}.Debug|Any CPU.Build.0 = Debug|Any CPU
		{A7EA7685-321E-4038-9FE7-CF930E7156FD}.Debug|x64.ActiveCfg = Debug|Any CPU
		{A7EA7685-321E-4038-9FE7-CF930E7156FD}.Debug|x64.Build.0 = Debug|Any CPU
		{A7EA7685-321E-4038-9FE7-CF930E7156FD}.Debug|x86.ActiveCfg = Debug|Any CPU
		{A7EA7685-321E-4038-9FE7-CF930E7156FD}.Debug|x86.Build.0 = Debug|Any CPU
		{A7EA7685-321E-4038-9FE7-CF930E7156FD}.Release|Any CPU.ActiveCfg = Release|Any CPU
		{A7EA7685-321E-4038-9FE7-CF930E7156FD}.Release|Any CPU.Build.0 = Release|Any CPU
		{A7EA7685-321E-4038-9FE7-CF930E7156FD}.Release|x64.ActiveCfg = Release|Any CPU
		{A7EA7685-321E-4038-9FE7-CF930E7156FD}.Release|x64.Build.0 = Release|Any CPU
		{A7EA7685-321E-4038-9FE7-CF930E7156FD}.Release|x86.ActiveCfg = Release|Any CPU
		{A7EA7685-321E-4038-9FE7-CF930E7156FD}.Release|x86.Build.0 = Release|Any CPU
		{8126EC39-A3F1-459D-9573-91968FE010A1}.Debug|Any CPU.ActiveCfg = Debug|Any CPU
		{8126EC39-A3F1-459D-9573-91968FE010A1}.Debug|Any CPU.Build.0 = Debug|Any CPU
		{8126EC39-A3F1-459D-9573-91968FE010A1}.Debug|x64.ActiveCfg = Debug|Any CPU
		{8126EC39-A3F1-459D-9573-91968FE010A1}.Debug|x64.Build.0 = Debug|Any CPU
		{8126EC39-A3F1-459D-9573-91968FE010A1}.Debug|x86.ActiveCfg = Debug|Any CPU
		{8126EC39-A3F1-459D-9573-91968FE010A1}.Debug|x86.Build.0 = Debug|Any CPU
		{8126EC39-A3F1-459D-9573-91968FE010A1}.Release|Any CPU.ActiveCfg = Release|Any CPU
		{8126EC39-A3F1-459D-9573-91968FE010A1}.Release|Any CPU.Build.0 = Release|Any CPU
		{8126EC39-A3F1-459D-9573-91968FE010A1}.Release|x64.ActiveCfg = Release|Any CPU
		{8126EC39-A3F1-459D-9573-91968FE010A1}.Release|x64.Build.0 = Release|Any CPU
		{8126EC39-A3F1-459D-9573-91968FE010A1}.Release|x86.ActiveCfg = Release|Any CPU
		{8126EC39-A3F1-459D-9573-91968FE010A1}.Release|x86.Build.0 = Release|Any CPU
		{6DDD171C-B78F-4858-8821-14F220DC9641}.Debug|Any CPU.ActiveCfg = Debug|Any CPU
		{6DDD171C-B78F-4858-8821-14F220DC9641}.Debug|Any CPU.Build.0 = Debug|Any CPU
		{6DDD171C-B78F-4858-8821-14F220DC9641}.Debug|x64.ActiveCfg = Debug|Any CPU
		{6DDD171C-B78F-4858-8821-14F220DC9641}.Debug|x64.Build.0 = Debug|Any CPU
		{6DDD171C-B78F-4858-8821-14F220DC9641}.Debug|x86.ActiveCfg = Debug|Any CPU
		{6DDD171C-B78F-4858-8821-14F220DC9641}.Debug|x86.Build.0 = Debug|Any CPU
		{6DDD171C-B78F-4858-8821-14F220DC9641}.Release|Any CPU.ActiveCfg = Release|Any CPU
		{6DDD171C-B78F-4858-8821-14F220DC9641}.Release|Any CPU.Build.0 = Release|Any CPU
		{6DDD171C-B78F-4858-8821-14F220DC9641}.Release|x64.ActiveCfg = Release|Any CPU
		{6DDD171C-B78F-4858-8821-14F220DC9641}.Release|x64.Build.0 = Release|Any CPU
		{6DDD171C-B78F-4858-8821-14F220DC9641}.Release|x86.ActiveCfg = Release|Any CPU
		{6DDD171C-B78F-4858-8821-14F220DC9641}.Release|x86.Build.0 = Release|Any CPU
		{A294E76A-D9ED-4A7A-957A-D887C85511A3}.Debug|Any CPU.ActiveCfg = Debug|Any CPU
		{A294E76A-D9ED-4A7A-957A-D887C85511A3}.Debug|Any CPU.Build.0 = Debug|Any CPU
		{A294E76A-D9ED-4A7A-957A-D887C85511A3}.Debug|x64.ActiveCfg = Debug|Any CPU
		{A294E76A-D9ED-4A7A-957A-D887C85511A3}.Debug|x64.Build.0 = Debug|Any CPU
		{A294E76A-D9ED-4A7A-957A-D887C85511A3}.Debug|x86.ActiveCfg = Debug|Any CPU
		{A294E76A-D9ED-4A7A-957A-D887C85511A3}.Debug|x86.Build.0 = Debug|Any CPU
		{A294E76A-D9ED-4A7A-957A-D887C85511A3}.Release|Any CPU.ActiveCfg = Release|Any CPU
		{A294E76A-D9ED-4A7A-957A-D887C85511A3}.Release|Any CPU.Build.0 = Release|Any CPU
		{A294E76A-D9ED-4A7A-957A-D887C85511A3}.Release|x64.ActiveCfg = Release|Any CPU
		{A294E76A-D9ED-4A7A-957A-D887C85511A3}.Release|x64.Build.0 = Release|Any CPU
		{A294E76A-D9ED-4A7A-957A-D887C85511A3}.Release|x86.ActiveCfg = Release|Any CPU
		{A294E76A-D9ED-4A7A-957A-D887C85511A3}.Release|x86.Build.0 = Release|Any CPU
		{D06D0433-8FCA-4949-9A95-E0388F8BB0F1}.Debug|Any CPU.ActiveCfg = Debug|Any CPU
		{D06D0433-8FCA-4949-9A95-E0388F8BB0F1}.Debug|Any CPU.Build.0 = Debug|Any CPU
		{D06D0433-8FCA-4949-9A95-E0388F8BB0F1}.Debug|x64.ActiveCfg = Debug|Any CPU
		{D06D0433-8FCA-4949-9A95-E0388F8BB0F1}.Debug|x64.Build.0 = Debug|Any CPU
		{D06D0433-8FCA-4949-9A95-E0388F8BB0F1}.Debug|x86.ActiveCfg = Debug|Any CPU
		{D06D0433-8FCA-4949-9A95-E0388F8BB0F1}.Debug|x86.Build.0 = Debug|Any CPU
		{D06D0433-8FCA-4949-9A95-E0388F8BB0F1}.Release|Any CPU.ActiveCfg = Release|Any CPU
		{D06D0433-8FCA-4949-9A95-E0388F8BB0F1}.Release|Any CPU.Build.0 = Release|Any CPU
		{D06D0433-8FCA-4949-9A95-E0388F8BB0F1}.Release|x64.ActiveCfg = Release|Any CPU
		{D06D0433-8FCA-4949-9A95-E0388F8BB0F1}.Release|x64.Build.0 = Release|Any CPU
		{D06D0433-8FCA-4949-9A95-E0388F8BB0F1}.Release|x86.ActiveCfg = Release|Any CPU
		{D06D0433-8FCA-4949-9A95-E0388F8BB0F1}.Release|x86.Build.0 = Release|Any CPU
		{9EE293F3-2E42-4F96-849C-0732446ED483}.Debug|Any CPU.ActiveCfg = Debug|Any CPU
		{9EE293F3-2E42-4F96-849C-0732446ED483}.Debug|Any CPU.Build.0 = Debug|Any CPU
		{9EE293F3-2E42-4F96-849C-0732446ED483}.Debug|x64.ActiveCfg = Debug|Any CPU
		{9EE293F3-2E42-4F96-849C-0732446ED483}.Debug|x64.Build.0 = Debug|Any CPU
		{9EE293F3-2E42-4F96-849C-0732446ED483}.Debug|x86.ActiveCfg = Debug|Any CPU
		{9EE293F3-2E42-4F96-849C-0732446ED483}.Debug|x86.Build.0 = Debug|Any CPU
		{9EE293F3-2E42-4F96-849C-0732446ED483}.Release|Any CPU.ActiveCfg = Release|Any CPU
		{9EE293F3-2E42-4F96-849C-0732446ED483}.Release|Any CPU.Build.0 = Release|Any CPU
		{9EE293F3-2E42-4F96-849C-0732446ED483}.Release|x64.ActiveCfg = Release|Any CPU
		{9EE293F3-2E42-4F96-849C-0732446ED483}.Release|x64.Build.0 = Release|Any CPU
		{9EE293F3-2E42-4F96-849C-0732446ED483}.Release|x86.ActiveCfg = Release|Any CPU
		{9EE293F3-2E42-4F96-849C-0732446ED483}.Release|x86.Build.0 = Release|Any CPU
		{12AE7222-8791-40FB-9437-5E95D23EDDC3}.Debug|Any CPU.ActiveCfg = Debug|Any CPU
		{12AE7222-8791-40FB-9437-5E95D23EDDC3}.Debug|Any CPU.Build.0 = Debug|Any CPU
		{12AE7222-8791-40FB-9437-5E95D23EDDC3}.Debug|x64.ActiveCfg = Debug|Any CPU
		{12AE7222-8791-40FB-9437-5E95D23EDDC3}.Debug|x64.Build.0 = Debug|Any CPU
		{12AE7222-8791-40FB-9437-5E95D23EDDC3}.Debug|x86.ActiveCfg = Debug|Any CPU
		{12AE7222-8791-40FB-9437-5E95D23EDDC3}.Debug|x86.Build.0 = Debug|Any CPU
		{12AE7222-8791-40FB-9437-5E95D23EDDC3}.Release|Any CPU.ActiveCfg = Release|Any CPU
		{12AE7222-8791-40FB-9437-5E95D23EDDC3}.Release|Any CPU.Build.0 = Release|Any CPU
		{12AE7222-8791-40FB-9437-5E95D23EDDC3}.Release|x64.ActiveCfg = Release|Any CPU
		{12AE7222-8791-40FB-9437-5E95D23EDDC3}.Release|x64.Build.0 = Release|Any CPU
		{12AE7222-8791-40FB-9437-5E95D23EDDC3}.Release|x86.ActiveCfg = Release|Any CPU
		{12AE7222-8791-40FB-9437-5E95D23EDDC3}.Release|x86.Build.0 = Release|Any CPU
	EndGlobalSection
	GlobalSection(SolutionProperties) = preSolution
		HideSolutionNode = FALSE
	EndGlobalSection
	GlobalSection(NestedProjects) = preSolution
		{AA784CDF-1196-4C8A-9C0D-395CA2533CA2} = {6715B702-D3BD-4786-BD5D-F8693C65CDEB}
		{93FAF98D-B836-440F-87AD-0CEE94D25A52} = {6715B702-D3BD-4786-BD5D-F8693C65CDEB}
		{F9C9BD4D-9019-4984-AC3E-C94DBC7C8F06} = {6715B702-D3BD-4786-BD5D-F8693C65CDEB}
		{1AC5C500-EB96-42C9-BB46-D432E7001DA1} = {AA784CDF-1196-4C8A-9C0D-395CA2533CA2}
		{162B89B1-2BAC-478B-A5FE-6747DC70582E} = {793DC6EC-8B7F-4982-BB41-8A07B4E9C117}
		{48983684-E227-41CF-AF49-8C3F8BC2F5C5} = {9DB72513-3B9A-4AF3-AEE7-43496FB38EA1}
		{841FB09C-A4FD-4D71-8BA1-2075EC88EEA9} = {9D9425AC-DD1B-4561-9987-BD596A3A41FB}
		{17981218-DAAB-4A68-803F-28D9DFED41ED} = {793DC6EC-8B7F-4982-BB41-8A07B4E9C117}
		{F5DFA210-7607-43E8-B4CB-4F9C2D980E16} = {162B89B1-2BAC-478B-A5FE-6747DC70582E}
		{005F4312-0A74-4E6A-BA3C-C00EAE8EE7D0} = {AA784CDF-1196-4C8A-9C0D-395CA2533CA2}
		{A7EA7685-321E-4038-9FE7-CF930E7156FD} = {1AC5C500-EB96-42C9-BB46-D432E7001DA1}
		{8126EC39-A3F1-459D-9573-91968FE010A1} = {1AC5C500-EB96-42C9-BB46-D432E7001DA1}
		{6DDD171C-B78F-4858-8821-14F220DC9641} = {1AC5C500-EB96-42C9-BB46-D432E7001DA1}
		{A294E76A-D9ED-4A7A-957A-D887C85511A3} = {1AC5C500-EB96-42C9-BB46-D432E7001DA1}
		{D06D0433-8FCA-4949-9A95-E0388F8BB0F1} = {F9C9BD4D-9019-4984-AC3E-C94DBC7C8F06}
		{9EE293F3-2E42-4F96-849C-0732446ED483} = {93FAF98D-B836-440F-87AD-0CEE94D25A52}
		{12AE7222-8791-40FB-9437-5E95D23EDDC3} = {9DB72513-3B9A-4AF3-AEE7-43496FB38EA1}
	EndGlobalSection
	GlobalSection(ExtensibilityGlobals) = postSolution
		SolutionGuid = {B61E2435-1670-4E0C-A822-A0E6B70484F3}
	EndGlobalSection
EndGlobal
